
Microsoft Visual Studio Solution File, Format Version 12.00
# Visual Studio Version 17
VisualStudioVersion = 17.7.34009.444
MinimumVisualStudioVersion = 10.0.40219.1
Project("{FAE04EC0-301F-11D3-BF4B-00C04F79EFBC}") = "InovasyonCourse.API", "InovasyonCourse.API\InovasyonCourse.API.csproj", "{AC638DF5-C49D-4699-A392-FF8FBE09BA35}"
EndProject
Project("{FAE04EC0-301F-11D3-BF4B-00C04F79EFBC}") = "InovasyonCourse.BussinessLayer", "InovasyonCourse.BussinessLayer\InovasyonCourse.BussinessLayer.csproj", "{C4057827-9C91-4230-AE6B-238A8231BBD7}"
EndProject
Project("{FAE04EC0-301F-11D3-BF4B-00C04F79EFBC}") = "InovasyonCourse.DataAccessLayer", "InovasyonCourse.DataAccessLayer\InovasyonCourse.DataAccessLayer.csproj", "{39624B24-D10D-4C4D-B9B9-4A8044F17DC3}"
EndProject
Project("{FAE04EC0-301F-11D3-BF4B-00C04F79EFBC}") = "InovasyonCourse.CoreLayer", "InovasyonCourse.CoreLayer\InovasyonCourse.CoreLayer.csproj", "{4291C4C0-ACF4-42ED-847F-F7A3553A7BC1}"
EndProject
Global
	GlobalSection(SolutionConfigurationPlatforms) = preSolution
		Debug|Any CPU = Debug|Any CPU
		Release|Any CPU = Release|Any CPU
	EndGlobalSection
	GlobalSection(ProjectConfigurationPlatforms) = postSolution
		{AC638DF5-C49D-4699-A392-FF8FBE09BA35}.Debug|Any CPU.ActiveCfg = Debug|Any CPU
		{AC638DF5-C49D-4699-A392-FF8FBE09BA35}.Debug|Any CPU.Build.0 = Debug|Any CPU
		{AC638DF5-C49D-4699-A392-FF8FBE09BA35}.Release|Any CPU.ActiveCfg = Release|Any CPU
		{AC638DF5-C49D-4699-A392-FF8FBE09BA35}.Release|Any CPU.Build.0 = Release|Any CPU
		{C4057827-9C91-4230-AE6B-238A8231BBD7}.Debug|Any CPU.ActiveCfg = Debug|Any CPU
		{C4057827-9C91-4230-AE6B-238A8231BBD7}.Debug|Any CPU.Build.0 = Debug|Any CPU
		{C4057827-9C91-4230-AE6B-238A8231BBD7}.Release|Any CPU.ActiveCfg = Release|Any CPU
		{C4057827-9C91-4230-AE6B-238A8231BBD7}.Release|Any CPU.Build.0 = Release|Any CPU
		{39624B24-D10D-4C4D-B9B9-4A8044F17DC3}.Debug|Any CPU.ActiveCfg = Debug|Any CPU
		{39624B24-D10D-4C4D-B9B9-4A8044F17DC3}.Debug|Any CPU.Build.0 = Debug|Any CPU
		{39624B24-D10D-4C4D-B9B9-4A8044F17DC3}.Release|Any CPU.ActiveCfg = Release|Any CPU
		{39624B24-D10D-4C4D-B9B9-4A8044F17DC3}.Release|Any CPU.Build.0 = Release|Any CPU
		{4291C4C0-ACF4-42ED-847F-F7A3553A7BC1}.Debug|Any CPU.ActiveCfg = Debug|Any CPU
		{4291C4C0-ACF4-42ED-847F-F7A3553A7BC1}.Debug|Any CPU.Build.0 = Debug|Any CPU
		{4291C4C0-ACF4-42ED-847F-F7A3553A7BC1}.Release|Any CPU.ActiveCfg = Release|Any CPU
		{4291C4C0-ACF4-42ED-847F-F7A3553A7BC1}.Release|Any CPU.Build.0 = Release|Any CPU
	EndGlobalSection
	GlobalSection(SolutionProperties) = preSolution
		HideSolutionNode = FALSE
	EndGlobalSection
	GlobalSection(ExtensibilityGlobals) = postSolution
		SolutionGuid = {1E217411-B732-4945-9FAD-ACB618B1C0E4}
	EndGlobalSection
EndGlobal
